
Microsoft Visual Studio Solution File, Format Version 12.00
# Visual Studio 15
VisualStudioVersion = 15.0.28307.421
MinimumVisualStudioVersion = 10.0.40219.1
Project("{A07B5EB6-E848-4116-A8D0-A826331D98C6}") = "App", "App\App.sfproj", "{2D9DDD29-8CD9-4BA9-A454-F5CED59D3C06}"
EndProject
Project("{9A19103F-16F7-4668-BE54-9A1E7A4F7556}") = "EmailService.API", "EmailService.API\EmailService.API.csproj", "{564DA301-4916-4ABB-9323-17E4D182AD86}"
EndProject
Project("{2150E333-8FDC-42A3-9474-1A3956D46DE8}") = "Services", "Services", "{3D87C336-5EA2-4D81-BDA3-A51EE0310198}"
EndProject
Project("{9A19103F-16F7-4668-BE54-9A1E7A4F7556}") = "Gateway", "Gateway\Gateway.csproj", "{7C4BC75F-EF51-43FF-8CBC-ECF923D2F518}"
EndProject
Project("{2150E333-8FDC-42A3-9474-1A3956D46DE8}") = "Gateways", "Gateways", "{4437141B-2CB5-4569-B284-474674914043}"
EndProject
Project("{9A19103F-16F7-4668-BE54-9A1E7A4F7556}") = "SMSService.API", "SMSService.API\SMSService.API.csproj", "{0C5D5D20-955F-4B30-B691-F1BA0E0725D1}"
EndProject
Project("{9A19103F-16F7-4668-BE54-9A1E7A4F7556}") = "CamundaService", "CamundaService\CamundaService.csproj", "{B82C70D5-E418-4502-A41F-26C4188220F6}"
EndProject
Project("{9A19103F-16F7-4668-BE54-9A1E7A4F7556}") = "API.WeatherService", "API.WeatherService\API.WeatherService.csproj", "{F189507E-609B-4F30-BA4C-C7D083B7EE78}"
EndProject
Project("{9A19103F-16F7-4668-BE54-9A1E7A4F7556}") = "StoreService", "StoreService\StoreService.csproj", "{12C0C56A-2CCA-4155-BF04-D59F1DEF2CC9}"
EndProject
Project("{9A19103F-16F7-4668-BE54-9A1E7A4F7556}") = "OcelotApiGw", "OcelotApiGw\OcelotApiGw.csproj", "{1798C44D-2D6D-4D41-9FDB-2255004322E3}"
EndProject
Global
	GlobalSection(SolutionConfigurationPlatforms) = preSolution
		Debug|Any CPU = Debug|Any CPU
		Debug|x64 = Debug|x64
		Release|Any CPU = Release|Any CPU
		Release|x64 = Release|x64
	EndGlobalSection
	GlobalSection(ProjectConfigurationPlatforms) = postSolution
		{2D9DDD29-8CD9-4BA9-A454-F5CED59D3C06}.Debug|Any CPU.ActiveCfg = Debug|x64
		{2D9DDD29-8CD9-4BA9-A454-F5CED59D3C06}.Debug|Any CPU.Build.0 = Debug|x64
		{2D9DDD29-8CD9-4BA9-A454-F5CED59D3C06}.Debug|Any CPU.Deploy.0 = Debug|x64
		{2D9DDD29-8CD9-4BA9-A454-F5CED59D3C06}.Debug|x64.ActiveCfg = Debug|x64
		{2D9DDD29-8CD9-4BA9-A454-F5CED59D3C06}.Debug|x64.Build.0 = Debug|x64
		{2D9DDD29-8CD9-4BA9-A454-F5CED59D3C06}.Debug|x64.Deploy.0 = Debug|x64
		{2D9DDD29-8CD9-4BA9-A454-F5CED59D3C06}.Release|Any CPU.ActiveCfg = Release|x64
		{2D9DDD29-8CD9-4BA9-A454-F5CED59D3C06}.Release|x64.ActiveCfg = Release|x64
		{2D9DDD29-8CD9-4BA9-A454-F5CED59D3C06}.Release|x64.Build.0 = Release|x64
		{2D9DDD29-8CD9-4BA9-A454-F5CED59D3C06}.Release|x64.Deploy.0 = Release|x64
		{564DA301-4916-4ABB-9323-17E4D182AD86}.Debug|Any CPU.ActiveCfg = Debug|Any CPU
		{564DA301-4916-4ABB-9323-17E4D182AD86}.Debug|Any CPU.Build.0 = Debug|Any CPU
		{564DA301-4916-4ABB-9323-17E4D182AD86}.Debug|x64.ActiveCfg = Debug|Any CPU
		{564DA301-4916-4ABB-9323-17E4D182AD86}.Debug|x64.Build.0 = Debug|Any CPU
		{564DA301-4916-4ABB-9323-17E4D182AD86}.Release|Any CPU.ActiveCfg = Release|Any CPU
		{564DA301-4916-4ABB-9323-17E4D182AD86}.Release|Any CPU.Build.0 = Release|Any CPU
		{564DA301-4916-4ABB-9323-17E4D182AD86}.Release|x64.ActiveCfg = Release|Any CPU
		{564DA301-4916-4ABB-9323-17E4D182AD86}.Release|x64.Build.0 = Release|Any CPU
		{7C4BC75F-EF51-43FF-8CBC-ECF923D2F518}.Debug|Any CPU.ActiveCfg = Debug|Any CPU
		{7C4BC75F-EF51-43FF-8CBC-ECF923D2F518}.Debug|Any CPU.Build.0 = Debug|Any CPU
		{7C4BC75F-EF51-43FF-8CBC-ECF923D2F518}.Debug|x64.ActiveCfg = Debug|Any CPU
		{7C4BC75F-EF51-43FF-8CBC-ECF923D2F518}.Debug|x64.Build.0 = Debug|Any CPU
		{7C4BC75F-EF51-43FF-8CBC-ECF923D2F518}.Release|Any CPU.ActiveCfg = Release|Any CPU
		{7C4BC75F-EF51-43FF-8CBC-ECF923D2F518}.Release|Any CPU.Build.0 = Release|Any CPU
		{7C4BC75F-EF51-43FF-8CBC-ECF923D2F518}.Release|x64.ActiveCfg = Release|Any CPU
		{7C4BC75F-EF51-43FF-8CBC-ECF923D2F518}.Release|x64.Build.0 = Release|Any CPU
		{0C5D5D20-955F-4B30-B691-F1BA0E0725D1}.Debug|Any CPU.ActiveCfg = Debug|Any CPU
		{0C5D5D20-955F-4B30-B691-F1BA0E0725D1}.Debug|Any CPU.Build.0 = Debug|Any CPU
		{0C5D5D20-955F-4B30-B691-F1BA0E0725D1}.Debug|x64.ActiveCfg = Debug|Any CPU
		{0C5D5D20-955F-4B30-B691-F1BA0E0725D1}.Debug|x64.Build.0 = Debug|Any CPU
		{0C5D5D20-955F-4B30-B691-F1BA0E0725D1}.Release|Any CPU.ActiveCfg = Release|Any CPU
		{0C5D5D20-955F-4B30-B691-F1BA0E0725D1}.Release|Any CPU.Build.0 = Release|Any CPU
		{0C5D5D20-955F-4B30-B691-F1BA0E0725D1}.Release|x64.ActiveCfg = Release|Any CPU
		{0C5D5D20-955F-4B30-B691-F1BA0E0725D1}.Release|x64.Build.0 = Release|Any CPU
		{B82C70D5-E418-4502-A41F-26C4188220F6}.Debug|Any CPU.ActiveCfg = Debug|Any CPU
		{B82C70D5-E418-4502-A41F-26C4188220F6}.Debug|Any CPU.Build.0 = Debug|Any CPU
		{B82C70D5-E418-4502-A41F-26C4188220F6}.Debug|x64.ActiveCfg = Debug|Any CPU
		{B82C70D5-E418-4502-A41F-26C4188220F6}.Debug|x64.Build.0 = Debug|Any CPU
		{B82C70D5-E418-4502-A41F-26C4188220F6}.Release|Any CPU.ActiveCfg = Release|Any CPU
		{B82C70D5-E418-4502-A41F-26C4188220F6}.Release|Any CPU.Build.0 = Release|Any CPU
		{B82C70D5-E418-4502-A41F-26C4188220F6}.Release|x64.ActiveCfg = Release|Any CPU
		{B82C70D5-E418-4502-A41F-26C4188220F6}.Release|x64.Build.0 = Release|Any CPU
		{F189507E-609B-4F30-BA4C-C7D083B7EE78}.Debug|Any CPU.ActiveCfg = Debug|Any CPU
		{F189507E-609B-4F30-BA4C-C7D083B7EE78}.Debug|Any CPU.Build.0 = Debug|Any CPU
		{F189507E-609B-4F30-BA4C-C7D083B7EE78}.Debug|x64.ActiveCfg = Debug|Any CPU
		{F189507E-609B-4F30-BA4C-C7D083B7EE78}.Debug|x64.Build.0 = Debug|Any CPU
		{F189507E-609B-4F30-BA4C-C7D083B7EE78}.Release|Any CPU.ActiveCfg = Release|Any CPU
		{F189507E-609B-4F30-BA4C-C7D083B7EE78}.Release|Any CPU.Build.0 = Release|Any CPU
		{F189507E-609B-4F30-BA4C-C7D083B7EE78}.Release|x64.ActiveCfg = Release|Any CPU
		{F189507E-609B-4F30-BA4C-C7D083B7EE78}.Release|x64.Build.0 = Release|Any CPU
		{12C0C56A-2CCA-4155-BF04-D59F1DEF2CC9}.Debug|Any CPU.ActiveCfg = Debug|Any CPU
		{12C0C56A-2CCA-4155-BF04-D59F1DEF2CC9}.Debug|Any CPU.Build.0 = Debug|Any CPU
		{12C0C56A-2CCA-4155-BF04-D59F1DEF2CC9}.Debug|x64.ActiveCfg = Debug|Any CPU
		{12C0C56A-2CCA-4155-BF04-D59F1DEF2CC9}.Debug|x64.Build.0 = Debug|Any CPU
		{12C0C56A-2CCA-4155-BF04-D59F1DEF2CC9}.Release|Any CPU.ActiveCfg = Release|Any CPU
		{12C0C56A-2CCA-4155-BF04-D59F1DEF2CC9}.Release|Any CPU.Build.0 = Release|Any CPU
		{12C0C56A-2CCA-4155-BF04-D59F1DEF2CC9}.Release|x64.ActiveCfg = Release|Any CPU
		{12C0C56A-2CCA-4155-BF04-D59F1DEF2CC9}.Release|x64.Build.0 = Release|Any CPU
		{1798C44D-2D6D-4D41-9FDB-2255004322E3}.Debug|Any CPU.ActiveCfg = Debug|Any CPU
		{1798C44D-2D6D-4D41-9FDB-2255004322E3}.Debug|Any CPU.Build.0 = Debug|Any CPU
		{1798C44D-2D6D-4D41-9FDB-2255004322E3}.Debug|x64.ActiveCfg = Debug|Any CPU
		{1798C44D-2D6D-4D41-9FDB-2255004322E3}.Debug|x64.Build.0 = Debug|Any CPU
		{1798C44D-2D6D-4D41-9FDB-2255004322E3}.Release|Any CPU.ActiveCfg = Release|Any CPU
		{1798C44D-2D6D-4D41-9FDB-2255004322E3}.Release|Any CPU.Build.0 = Release|Any CPU
		{1798C44D-2D6D-4D41-9FDB-2255004322E3}.Release|x64.ActiveCfg = Release|Any CPU
		{1798C44D-2D6D-4D41-9FDB-2255004322E3}.Release|x64.Build.0 = Release|Any CPU
	EndGlobalSection
	GlobalSection(SolutionProperties) = preSolution
		HideSolutionNode = FALSE
	EndGlobalSection
	GlobalSection(NestedProjects) = preSolution
		{564DA301-4916-4ABB-9323-17E4D182AD86} = {3D87C336-5EA2-4D81-BDA3-A51EE0310198}
		{7C4BC75F-EF51-43FF-8CBC-ECF923D2F518} = {4437141B-2CB5-4569-B284-474674914043}
		{0C5D5D20-955F-4B30-B691-F1BA0E0725D1} = {3D87C336-5EA2-4D81-BDA3-A51EE0310198}
		{B82C70D5-E418-4502-A41F-26C4188220F6} = {3D87C336-5EA2-4D81-BDA3-A51EE0310198}
		{F189507E-609B-4F30-BA4C-C7D083B7EE78} = {3D87C336-5EA2-4D81-BDA3-A51EE0310198}
		{12C0C56A-2CCA-4155-BF04-D59F1DEF2CC9} = {3D87C336-5EA2-4D81-BDA3-A51EE0310198}
		{1798C44D-2D6D-4D41-9FDB-2255004322E3} = {4437141B-2CB5-4569-B284-474674914043}
	EndGlobalSection
	GlobalSection(ExtensibilityGlobals) = postSolution
		SolutionGuid = {2AD98C37-5439-495D-88B9-98B6E282BFB6}
	EndGlobalSection
EndGlobal
